// !$*UTF8*$!
{
	archiveVersion = 1;
	classes = {
	};
	objectVersion = 46;
	objects = {

/* Begin PBXBuildFile section */
		06EBA2A01B4CF67700DEB220 /* main.m in Sources */ = {isa = PBXBuildFile; fileRef = 06EBA29F1B4CF67700DEB220 /* main.m */; };
		06EBA2A31B4CF67700DEB220 /* AppDelegate.m in Sources */ = {isa = PBXBuildFile; fileRef = 06EBA2A21B4CF67700DEB220 /* AppDelegate.m */; };
		06EBA2A61B4CF67700DEB220 /* ViewController.m in Sources */ = {isa = PBXBuildFile; fileRef = 06EBA2A51B4CF67700DEB220 /* ViewController.m */; };
		06EBA2A91B4CF67700DEB220 /* Main.storyboard in Resources */ = {isa = PBXBuildFile; fileRef = 06EBA2A71B4CF67700DEB220 /* Main.storyboard */; };
		06EBA2AB1B4CF67800DEB220 /* Images.xcassets in Resources */ = {isa = PBXBuildFile; fileRef = 06EBA2AA1B4CF67800DEB220 /* Images.xcassets */; };
		06EBA2AE1B4CF67800DEB220 /* LaunchScreen.xib in Resources */ = {isa = PBXBuildFile; fileRef = 06EBA2AC1B4CF67800DEB220 /* LaunchScreen.xib */; };
		06EBA2BA1B4CF67800DEB220 /* ZJUITableViewIndexTests.m in Sources */ = {isa = PBXBuildFile; fileRef = 06EBA2B91B4CF67800DEB220 /* ZJUITableViewIndexTests.m */; };
		06EBA2C81B4CF6DA00DEB220 /* NameIndex.m in Sources */ = {isa = PBXBuildFile; fileRef = 06EBA2C51B4CF6DA00DEB220 /* NameIndex.m */; };
		06EBA2C91B4CF6DA00DEB220 /* pinyin.c in Sources */ = {isa = PBXBuildFile; fileRef = 06EBA2C61B4CF6DA00DEB220 /* pinyin.c */; };
/* End PBXBuildFile section */

/* Begin PBXContainerItemProxy section */
		06EBA2B41B4CF67800DEB220 /* PBXContainerItemProxy */ = {
			isa = PBXContainerItemProxy;
			containerPortal = 06EBA2921B4CF67700DEB220 /* Project object */;
			proxyType = 1;
			remoteGlobalIDString = 06EBA2991B4CF67700DEB220;
			remoteInfo = ZJUITableViewIndex;
		};
/* End PBXContainerItemProxy section */

/* Begin PBXFileReference section */
		06EBA29A1B4CF67700DEB220 /* ZJUITableViewIndex.app */ = {isa = PBXFileReference; explicitFileType = wrapper.application; includeInIndex = 0; path = ZJUITableViewIndex.app; sourceTree = BUILT_PRODUCTS_DIR; };
		06EBA29E1B4CF67700DEB220 /* Info.plist */ = {isa = PBXFileReference; lastKnownFileType = text.plist.xml; path = Info.plist; sourceTree = "<group>"; };
		06EBA29F1B4CF67700DEB220 /* main.m */ = {isa = PBXFileReference; lastKnownFileType = sourcecode.c.objc; path = main.m; sourceTree = "<group>"; };
		06EBA2A11B4CF67700DEB220 /* AppDelegate.h */ = {isa = PBXFileReference; lastKnownFileType = sourcecode.c.h; path = AppDelegate.h; sourceTree = "<group>"; };
		06EBA2A21B4CF67700DEB220 /* AppDelegate.m */ = {isa = PBXFileReference; lastKnownFileType = sourcecode.c.objc; path = AppDelegate.m; sourceTree = "<group>"; };
		06EBA2A41B4CF67700DEB220 /* ViewController.h */ = {isa = PBXFileReference; lastKnownFileType = sourcecode.c.h; path = ViewController.h; sourceTree = "<group>"; };
		06EBA2A51B4CF67700DEB220 /* ViewController.m */ = {isa = PBXFileReference; lastKnownFileType = sourcecode.c.objc; path = ViewController.m; sourceTree = "<group>"; };
		06EBA2A81B4CF67700DEB220 /* Base */ = {isa = PBXFileReference; lastKnownFileType = file.storyboard; name = Base; path = Base.lproj/Main.storyboard; sourceTree = "<group>"; };
		06EBA2AA1B4CF67800DEB220 /* Images.xcassets */ = {isa = PBXFileReference; lastKnownFileType = folder.assetcatalog; path = Images.xcassets; sourceTree = "<group>"; };
		06EBA2AD1B4CF67800DEB220 /* Base */ = {isa = PBXFileReference; lastKnownFileType = file.xib; name = Base; path = Base.lproj/LaunchScreen.xib; sourceTree = "<group>"; };
		06EBA2B31B4CF67800DEB220 /* ZJUITableViewIndexTests.xctest */ = {isa = PBXFileReference; explicitFileType = wrapper.cfbundle; includeInIndex = 0; path = ZJUITableViewIndexTests.xctest; sourceTree = BUILT_PRODUCTS_DIR; };
		06EBA2B81B4CF67800DEB220 /* Info.plist */ = {isa = PBXFileReference; lastKnownFileType = text.plist.xml; path = Info.plist; sourceTree = "<group>"; };
		06EBA2B91B4CF67800DEB220 /* ZJUITableViewIndexTests.m */ = {isa = PBXFileReference; lastKnownFileType = sourcecode.c.objc; path = ZJUITableViewIndexTests.m; sourceTree = "<group>"; };
		06EBA2C41B4CF6DA00DEB220 /* NameIndex.h */ = {isa = PBXFileReference; fileEncoding = 4; lastKnownFileType = sourcecode.c.h; path = NameIndex.h; sourceTree = "<group>"; };
		06EBA2C51B4CF6DA00DEB220 /* NameIndex.m */ = {isa = PBXFileReference; fileEncoding = 4; lastKnownFileType = sourcecode.c.objc; path = NameIndex.m; sourceTree = "<group>"; };
		06EBA2C61B4CF6DA00DEB220 /* pinyin.c */ = {isa = PBXFileReference; fileEncoding = 4; lastKnownFileType = sourcecode.c.c; path = pinyin.c; sourceTree = "<group>"; };
		06EBA2C71B4CF6DA00DEB220 /* pinyin.h */ = {isa = PBXFileReference; fileEncoding = 4; lastKnownFileType = sourcecode.c.h; path = pinyin.h; sourceTree = "<group>"; };
/* End PBXFileReference section */

/* Begin PBXFrameworksBuildPhase section */
		06EBA2971B4CF67700DEB220 /* Frameworks */ = {
			isa = PBXFrameworksBuildPhase;
			buildActionMask = 2147483647;
			files = (
			);
			runOnlyForDeploymentPostprocessing = 0;
		};
		06EBA2B01B4CF67800DEB220 /* Frameworks */ = {
			isa = PBXFrameworksBuildPhase;
			buildActionMask = 2147483647;
			files = (
			);
			runOnlyForDeploymentPostprocessing = 0;
		};
/* End PBXFrameworksBuildPhase section */

/* Begin PBXGroup section */
		06EBA2911B4CF67700DEB220 = {
			isa = PBXGroup;
			children = (
				06EBA29C1B4CF67700DEB220 /* ZJUITableViewIndex */,
				06EBA2B61B4CF67800DEB220 /* ZJUITableViewIndexTests */,
				06EBA29B1B4CF67700DEB220 /* Products */,
			);
			sourceTree = "<group>";
		};
		06EBA29B1B4CF67700DEB220 /* Products */ = {
			isa = PBXGroup;
			children = (
				06EBA29A1B4CF67700DEB220 /* ZJUITableViewIndex.app */,
				06EBA2B31B4CF67800DEB220 /* ZJUITableViewIndexTests.xctest */,
			);
			name = Products;
			sourceTree = "<group>";
		};
		06EBA29C1B4CF67700DEB220 /* ZJUITableViewIndex */ = {
			isa = PBXGroup;
			children = (
				06EBA2C31B4CF6C500DEB220 /* pinyin */,
				06EBA2A11B4CF67700DEB220 /* AppDelegate.h */,
				06EBA2A21B4CF67700DEB220 /* AppDelegate.m */,
				06EBA2A41B4CF67700DEB220 /* ViewController.h */,
				06EBA2A51B4CF67700DEB220 /* ViewController.m */,
				06EBA2A71B4CF67700DEB220 /* Main.storyboard */,
				06EBA2AA1B4CF67800DEB220 /* Images.xcassets */,
				06EBA2AC1B4CF67800DEB220 /* LaunchScreen.xib */,
				06EBA29D1B4CF67700DEB220 /* Supporting Files */,
			);
			path = ZJUITableViewIndex;
			sourceTree = "<group>";
		};
		06EBA29D1B4CF67700DEB220 /* Supporting Files */ = {
			isa = PBXGroup;
			children = (
				06EBA29E1B4CF67700DEB220 /* Info.plist */,
				06EBA29F1B4CF67700DEB220 /* main.m */,
			);
			name = "Supporting Files";
			sourceTree = "<group>";
		};
		06EBA2B61B4CF67800DEB220 /* ZJUITableViewIndexTests */ = {
			isa = PBXGroup;
			children = (
				06EBA2B91B4CF67800DEB220 /* ZJUITableViewIndexTests.m */,
				06EBA2B71B4CF67800DEB220 /* Supporting Files */,
			);
			path = ZJUITableViewIndexTests;
			sourceTree = "<group>";
		};
		06EBA2B71B4CF67800DEB220 /* Supporting Files */ = {
			isa = PBXGroup;
			children = (
				06EBA2B81B4CF67800DEB220 /* Info.plist */,
			);
			name = "Supporting Files";
			sourceTree = "<group>";
		};
		06EBA2C31B4CF6C500DEB220 /* pinyin */ = {
			isa = PBXGroup;
			children = (
				06EBA2C41B4CF6DA00DEB220 /* NameIndex.h */,
				06EBA2C51B4CF6DA00DEB220 /* NameIndex.m */,
				06EBA2C71B4CF6DA00DEB220 /* pinyin.h */,
				06EBA2C61B4CF6DA00DEB220 /* pinyin.c */,
			);
			name = pinyin;
			sourceTree = "<group>";
		};
/* End PBXGroup section */

/* Begin PBXNativeTarget section */
		06EBA2991B4CF67700DEB220 /* ZJUITableViewIndex */ = {
			isa = PBXNativeTarget;
			buildConfigurationList = 06EBA2BD1B4CF67800DEB220 /* Build configuration list for PBXNativeTarget "ZJUITableViewIndex" */;
			buildPhases = (
				06EBA2961B4CF67700DEB220 /* Sources */,
				06EBA2971B4CF67700DEB220 /* Frameworks */,
				06EBA2981B4CF67700DEB220 /* Resources */,
			);
			buildRules = (
			);
			dependencies = (
			);
			name = ZJUITableViewIndex;
			productName = ZJUITableViewIndex;
			productReference = 06EBA29A1B4CF67700DEB220 /* ZJUITableViewIndex.app */;
			productType = "com.apple.product-type.application";
		};
		06EBA2B21B4CF67800DEB220 /* ZJUITableViewIndexTests */ = {
			isa = PBXNativeTarget;
			buildConfigurationList = 06EBA2C01B4CF67800DEB220 /* Build configuration list for PBXNativeTarget "ZJUITableViewIndexTests" */;
			buildPhases = (
				06EBA2AF1B4CF67800DEB220 /* Sources */,
				06EBA2B01B4CF67800DEB220 /* Frameworks */,
				06EBA2B11B4CF67800DEB220 /* Resources */,
			);
			buildRules = (
			);
			dependencies = (
				06EBA2B51B4CF67800DEB220 /* PBXTargetDependency */,
			);
			name = ZJUITableViewIndexTests;
			productName = ZJUITableViewIndexTests;
			productReference = 06EBA2B31B4CF67800DEB220 /* ZJUITableViewIndexTests.xctest */;
			productType = "com.apple.product-type.bundle.unit-test";
		};
/* End PBXNativeTarget section */

/* Begin PBXProject section */
		06EBA2921B4CF67700DEB220 /* Project object */ = {
			isa = PBXProject;
			attributes = {
				LastUpgradeCheck = 0630;
				ORGANIZATIONNAME = jyd;
				TargetAttributes = {
					06EBA2991B4CF67700DEB220 = {
						CreatedOnToolsVersion = 6.3.2;
					};
					06EBA2B21B4CF67800DEB220 = {
						CreatedOnToolsVersion = 6.3.2;
						TestTargetID = 06EBA2991B4CF67700DEB220;
					};
				};
			};
			buildConfigurationList = 06EBA2951B4CF67700DEB220 /* Build configuration list for PBXProject "ZJUITableViewIndex" */;
			compatibilityVersion = "Xcode 3.2";
			developmentRegion = English;
			hasScannedForEncodings = 0;
			knownRegions = (
				en,
				Base,
			);
			mainGroup = 06EBA2911B4CF67700DEB220;
			productRefGroup = 06EBA29B1B4CF67700DEB220 /* Products */;
			projectDirPath = "";
			projectRoot = "";
			targets = (
				06EBA2991B4CF67700DEB220 /* ZJUITableViewIndex */,
				06EBA2B21B4CF67800DEB220 /* ZJUITableViewIndexTests */,
			);
		};
/* End PBXProject section */

/* Begin PBXResourcesBuildPhase section */
		06EBA2981B4CF67700DEB220 /* Resources */ = {
			isa = PBXResourcesBuildPhase;
			buildActionMask = 2147483647;
			files = (
				06EBA2A91B4CF67700DEB220 /* Main.storyboard in Resources */,
				06EBA2AE1B4CF67800DEB220 /* LaunchScreen.xib in Resources */,
				06EBA2AB1B4CF67800DEB220 /* Images.xcassets in Resources */,
			);
			runOnlyForDeploymentPostprocessing = 0;
		};
		06EBA2B11B4CF67800DEB220 /* Resources */ = {
			isa = PBXResourcesBuildPhase;
			buildActionMask = 2147483647;
			files = (
			);
			runOnlyForDeploymentPostprocessing = 0;
		};
/* End PBXResourcesBuildPhase section */

/* Begin PBXSourcesBuildPhase section */
		06EBA2961B4CF67700DEB220 /* Sources */ = {
			isa = PBXSourcesBuildPhase;
			buildActionMask = 2147483647;
			files = (
				06EBA2C91B4CF6DA00DEB220 /* pinyin.c in Sources */,
				06EBA2A61B4CF67700DEB220 /* ViewController.m in Sources */,
				06EBA2A31B4CF67700DEB220 /* AppDelegate.m in Sources */,
				06EBA2A01B4CF67700DEB220 /* main.m in Sources */,
				06EBA2C81B4CF6DA00DEB220 /* NameIndex.m in Sources */,
			);
			runOnlyForDeploymentPostprocessing = 0;
		};
		06EBA2AF1B4CF67800DEB220 /* Sources */ = {
			isa = PBXSourcesBuildPhase;
			buildActionMask = 2147483647;
			files = (
				06EBA2BA1B4CF67800DEB220 /* ZJUITableViewIndexTests.m in Sources */,
			);
			runOnlyForDeploymentPostprocessing = 0;
		};
/* End PBXSourcesBuildPhase section */

/* Begin PBXTargetDependency section */
		06EBA2B51B4CF67800DEB220 /* PBXTargetDependency */ = {
			isa = PBXTargetDependency;
			target = 06EBA2991B4CF67700DEB220 /* ZJUITableViewIndex */;
			targetProxy = 06EBA2B41B4CF67800DEB220 /* PBXContainerItemProxy */;
		};
/* End PBXTargetDependency section */

/* Begin PBXVariantGroup section */
		06EBA2A71B4CF67700DEB220 /* Main.storyboard */ = {
			isa = PBXVariantGroup;
			children = (
				06EBA2A81B4CF67700DEB220 /* Base */,
			);
			name = Main.storyboard;
			sourceTree = "<group>";
		};
		06EBA2AC1B4CF67800DEB220 /* LaunchScreen.xib */ = {
			isa = PBXVariantGroup;
			children = (
				06EBA2AD1B4CF67800DEB220 /* Base */,
			);
			name = LaunchScreen.xib;
			sourceTree = "<group>";
		};
/* End PBXVariantGroup section */

/* Begin XCBuildConfiguration section */
		06EBA2BB1B4CF67800DEB220 /* Debug */ = {
			isa = XCBuildConfiguration;
			buildSettings = {
				ALWAYS_SEARCH_USER_PATHS = NO;
				CLANG_CXX_LANGUAGE_STANDARD = "gnu++0x";
				CLANG_CXX_LIBRARY = "libc++";
				CLANG_ENABLE_MODULES = YES;
				CLANG_ENABLE_OBJC_ARC = YES;
				CLANG_WARN_BOOL_CONVERSION = YES;
				CLANG_WARN_CONSTANT_CONVERSION = YES;
				CLANG_WARN_DIRECT_OBJC_ISA_USAGE = YES_ERROR;
				CLANG_WARN_EMPTY_BODY = YES;
				CLANG_WARN_ENUM_CONVERSION = YES;
				CLANG_WARN_INT_CONVERSION = YES;
				CLANG_WARN_OBJC_ROOT_CLASS = YES_ERROR;
				CLANG_WARN_UNREACHABLE_CODE = YES;
				CLANG_WARN__DUPLICATE_METHOD_MATCH = YES;
				"CODE_SIGN_IDENTITY[sdk=iphoneos*]" = "iPhone Developer";
				COPY_PHASE_STRIP = NO;
				DEBUG_INFORMATION_FORMAT = "dwarf-with-dsym";
				ENABLE_STRICT_OBJC_MSGSEND = YES;
				GCC_C_LANGUAGE_STANDARD = gnu99;
				GCC_DYNAMIC_NO_PIC = NO;
				GCC_NO_COMMON_BLOCKS = YES;
				GCC_OPTIMIZATION_LEVEL = 0;
				GCC_PREPROCESSOR_DEFINITIONS = (
					"DEBUG=1",
					"$(inherited)",
				);
				GCC_SYMBOLS_PRIVATE_EXTERN = NO;
				GCC_WARN_64_TO_32_BIT_CONVERSION = YES;
				GCC_WARN_ABOUT_RETURN_TYPE = YES_ERROR;
				GCC_WARN_UNDECLARED_SELECTOR = YES;
				GCC_WARN_UNINITIALIZED_AUTOS = YES_AGGRESSIVE;
				GCC_WARN_UNUSED_FUNCTION = YES;
				GCC_WARN_UNUSED_VARIABLE = YES;
				IPHONEOS_DEPLOYMENT_TARGET = 8.3;
				MTL_ENABLE_DEBUG_INFO = YES;
				ONLY_ACTIVE_ARCH = YES;
				SDKROOT = iphoneos;
				TARGETED_DEVICE_FAMILY = "1,2";
			};
			name = Debug;
		};
		06EBA2BC1B4CF67800DEB220 /* Release */ = {
			isa = XCBuildConfiguration;
			buildSettings = {
				ALWAYS_SEARCH_USER_PATHS = NO;
				CLANG_CXX_LANGUAGE_STANDARD = "gnu++0x";
				CLANG_CXX_LIBRARY = "libc++";
				CLANG_ENABLE_MODULES = YES;
				CLANG_ENABLE_OBJC_ARC = YES;
				CLANG_WARN_BOOL_CONVERSION = YES;
				CLANG_WARN_CONSTANT_CONVERSION = YES;
				CLANG_WARN_DIRECT_OBJC_ISA_USAGE = YES_ERROR;
				CLANG_WARN_EMPTY_BODY = YES;
				CLANG_WARN_ENUM_CONVERSION = YES;
				CLANG_WARN_INT_CONVERSION = YES;
				CLANG_WARN_OBJC_ROOT_CLASS = YES_ERROR;
				CLANG_WARN_UNREACHABLE_CODE = YES;
				CLANG_WARN__DUPLICATE_METHOD_MATCH = YES;
				"CODE_SIGN_IDENTITY[sdk=iphoneos*]" = "iPhone Developer";
				COPY_PHASE_STRIP = NO;
				DEBUG_INFORMATION_FORMAT = "dwarf-with-dsym";
				ENABLE_NS_ASSERTIONS = NO;
				ENABLE_STRICT_OBJC_MSGSEND = YES;
				GCC_C_LANGUAGE_STANDARD = gnu99;
				GCC_NO_COMMON_BLOCKS = YES;
				GCC_WARN_64_TO_32_BIT_CONVERSION = YES;
				GCC_WARN_ABOUT_RETURN_TYPE = YES_ERROR;
				GCC_WARN_UNDECLARED_SELECTOR = YES;
				GCC_WARN_UNINITIALIZED_AUTOS = YES_AGGRESSIVE;
				GCC_WARN_UNUSED_FUNCTION = YES;
				GCC_WARN_UNUSED_VARIABLE = YES;
				IPHONEOS_DEPLOYMENT_TARGET = 8.3;
				MTL_ENABLE_DEBUG_INFO = NO;
				SDKROOT = iphoneos;
				TARGETED_DEVICE_FAMILY = "1,2";
				VALIDATE_PRODUCT = YES;
			};
			name = Release;
		};
		06EBA2BE1B4CF67800DEB220 /* Debug */ = {
			isa = XCBuildConfiguration;
			buildSettings = {
				ASSETCATALOG_COMPILER_APPICON_NAME = AppIcon;
				INFOPLIST_FILE = ZJUITableViewIndex/Info.plist;
				LD_RUNPATH_SEARCH_PATHS = "$(inherited) @executable_path/Frameworks";
				PRODUCT_NAME = "$(TARGET_NAME)";
			};
			name = Debug;
		};
		06EBA2BF1B4CF67800DEB220 /* Release */ = {
			isa = XCBuildConfiguration;
			buildSettings = {
				ASSETCATALOG_COMPILER_APPICON_NAME = AppIcon;
				INFOPLIST_FILE = ZJUITableViewIndex/Info.plist;
				LD_RUNPATH_SEARCH_PATHS = "$(inherited) @executable_path/Frameworks";
				PRODUCT_NAME = "$(TARGET_NAME)";
			};
			name = Release;
		};
		06EBA2C11B4CF67800DEB220 /* Debug */ = {
			isa = XCBuildConfiguration;
			buildSettings = {
				BUNDLE_LOADER = "$(TEST_HOST)";
				FRAMEWORK_SEARCH_PATHS = (
					"$(SDKROOT)/Developer/Library/Frameworks",
					"$(inherited)",
				);
				GCC_PREPROCESSOR_DEFINITIONS = (
					"DEBUG=1",
					"$(inherited)",
				);
				INFOPLIST_FILE = ZJUITableViewIndexTests/Info.plist;
				LD_RUNPATH_SEARCH_PATHS = "$(inherited) @executable_path/Frameworks @loader_path/Frameworks";
				PRODUCT_NAME = "$(TARGET_NAME)";
				TEST_HOST = "$(BUILT_PRODUCTS_DIR)/ZJUITableViewIndex.app/ZJUITableViewIndex";
			};
			name = Debug;
		};
		06EBA2C21B4CF67800DEB220 /* Release */ = {
			isa = XCBuildConfiguration;
			buildSettings = {
				BUNDLE_LOADER = "$(TEST_HOST)";
				FRAMEWORK_SEARCH_PATHS = (
					"$(SDKROOT)/Developer/Library/Frameworks",
					"$(inherited)",
				);
				INFOPLIST_FILE = ZJUITableViewIndexTests/Info.plist;
				LD_RUNPATH_SEARCH_PATHS = "$(inherited) @executable_path/Frameworks @loader_path/Frameworks";
				PRODUCT_NAME = "$(TARGET_NAME)";
				TEST_HOST = "$(BUILT_PRODUCTS_DIR)/ZJUITableViewIndex.app/ZJUITableViewIndex";
			};
			name = Release;
		};
/* End XCBuildConfiguration section */

/* Begin XCConfigurationList section */
		06EBA2951B4CF67700DEB220 /* Build configuration list for PBXProject "ZJUITableViewIndex" */ = {
			isa = XCConfigurationList;
			buildConfigurations = (
				06EBA2BB1B4CF67800DEB220 /* Debug */,
				06EBA2BC1B4CF67800DEB220 /* Release */,
			);
			defaultConfigurationIsVisible = 0;
			defaultConfigurationName = Release;
		};
		06EBA2BD1B4CF67800DEB220 /* Build configuration list for PBXNativeTarget "ZJUITableViewIndex" */ = {
			isa = XCConfigurationList;
			buildConfigurations = (
				06EBA2BE1B4CF67800DEB220 /* Debug */,
				06EBA2BF1B4CF67800DEB220 /* Release */,
			);
			defaultConfigurationIsVisible = 0;
		};
		06EBA2C01B4CF67800DEB220 /* Build configuration list for PBXNativeTarget "ZJUITableViewIndexTests" */ = {
			isa = XCConfigurationList;
			buildConfigurations = (
				06EBA2C11B4CF67800DEB220 /* Debug */,
				06EBA2C21B4CF67800DEB220 /* Release */,
			);
			defaultConfigurationIsVisible = 0;
		};
/* End XCConfigurationList section */
	};
	rootObject = 06EBA2921B4CF67700DEB220 /* Project object */;
}
